
Microsoft Visual Studio Solution File, Format Version 12.00
# Visual Studio 15
VisualStudioVersion = 15.0.27703.2042
MinimumVisualStudioVersion = 10.0.40219.1
Project("{8BC9CEB8-8B4A-11D0-8D11-00A0C91BC942}") = "EDMC_PluginBase", "EDMC_PluginBase\EDMC_PluginBase.vcxproj", "{B82E39B5-C9EF-4C4E-AA98-8CC1B52CAE51}"
EndProject
Global
	GlobalSection(SolutionConfigurationPlatforms) = preSolution
		Debug|x64 = Debug|x64
		Debug|x86 = Debug|x86
		Release|x64 = Release|x64
		Release|x86 = Release|x86
	EndGlobalSection
	GlobalSection(ProjectConfigurationPlatforms) = postSolution
		{B82E39B5-C9EF-4C4E-AA98-8CC1B52CAE51}.Debug|x64.ActiveCfg = Debug|x64
		{B82E39B5-C9EF-4C4E-AA98-8CC1B52CAE51}.Debug|x64.Build.0 = Debug|x64
		{B82E39B5-C9EF-4C4E-AA98-8CC1B52CAE51}.Debug|x86.ActiveCfg = Debug|Win32
		{B82E39B5-C9EF-4C4E-AA98-8CC1B52CAE51}.Debug|x86.Build.0 = Debug|Win32
		{B82E39B5-C9EF-4C4E-AA98-8CC1B52CAE51}.Release|x64.ActiveCfg = Release|x64
		{B82E39B5-C9EF-4C4E-AA98-8CC1B52CAE51}.Release|x64.Build.0 = Release|x64
		{B82E39B5-C9EF-4C4E-AA98-8CC1B52CAE51}.Release|x86.ActiveCfg = Release|Win32
		{B82E39B5-C9EF-4C4E-AA98-8CC1B52CAE51}.Release|x86.Build.0 = Release|Win32
	EndGlobalSection
	GlobalSection(SolutionProperties) = preSolution
		HideSolutionNode = FALSE
	EndGlobalSection
	GlobalSection(ExtensibilityGlobals) = postSolution
		SolutionGuid = {D95E4038-1E2C-45E3-BE10-EF02D3670A03}
	EndGlobalSection
EndGlobal
